// !$*UTF8*$!
{
	archiveVersion = 1;
	classes = {
	};
	objectVersion = 46;
	objects = {

/* Begin PBXBuildFile section */
		4940F593182642A2009E3922 /* Foundation.framework in Frameworks */ = {isa = PBXBuildFile; fileRef = 4940F592182642A2009E3922 /* Foundation.framework */; };
		4940F595182642A2009E3922 /* CoreGraphics.framework in Frameworks */ = {isa = PBXBuildFile; fileRef = 4940F594182642A2009E3922 /* CoreGraphics.framework */; };
		4940F597182642A2009E3922 /* UIKit.framework in Frameworks */ = {isa = PBXBuildFile; fileRef = 4940F596182642A2009E3922 /* UIKit.framework */; };
		4940F59D182642A2009E3922 /* InfoPlist.strings in Resources */ = {isa = PBXBuildFile; fileRef = 4940F59B182642A2009E3922 /* InfoPlist.strings */; };
		4940F59F182642A2009E3922 /* main.m in Sources */ = {isa = PBXBuildFile; fileRef = 4940F59E182642A2009E3922 /* main.m */; };
		4940F5A3182642A2009E3922 /* AppDelegate.m in Sources */ = {isa = PBXBuildFile; fileRef = 4940F5A2182642A2009E3922 /* AppDelegate.m */; };
		4940F5A6182642A2009E3922 /* Main_iPhone.storyboard in Resources */ = {isa = PBXBuildFile; fileRef = 4940F5A4182642A2009E3922 /* Main_iPhone.storyboard */; };
		4940F5A9182642A2009E3922 /* Main_iPad.storyboard in Resources */ = {isa = PBXBuildFile; fileRef = 4940F5A7182642A2009E3922 /* Main_iPad.storyboard */; };
		4940F5AC182642A2009E3922 /* ViewController.m in Sources */ = {isa = PBXBuildFile; fileRef = 4940F5AB182642A2009E3922 /* ViewController.m */; };
		4940F5AE182642A2009E3922 /* Images.xcassets in Resources */ = {isa = PBXBuildFile; fileRef = 4940F5AD182642A2009E3922 /* Images.xcassets */; };
		4940F5B5182642A2009E3922 /* XCTest.framework in Frameworks */ = {isa = PBXBuildFile; fileRef = 4940F5B4182642A2009E3922 /* XCTest.framework */; };
		4940F5B6182642A2009E3922 /* Foundation.framework in Frameworks */ = {isa = PBXBuildFile; fileRef = 4940F592182642A2009E3922 /* Foundation.framework */; };
		4940F5B7182642A2009E3922 /* UIKit.framework in Frameworks */ = {isa = PBXBuildFile; fileRef = 4940F596182642A2009E3922 /* UIKit.framework */; };
		4940F5BF182642A2009E3922 /* InfoPlist.strings in Resources */ = {isa = PBXBuildFile; fileRef = 4940F5BD182642A2009E3922 /* InfoPlist.strings */; };
		4940F5C1182642A2009E3922 /* PruebaTests.m in Sources */ = {isa = PBXBuildFile; fileRef = 4940F5C0182642A2009E3922 /* PruebaTests.m */; };
/* End PBXBuildFile section */

/* Begin PBXContainerItemProxy section */
		4940F5B8182642A2009E3922 /* PBXContainerItemProxy */ = {
			isa = PBXContainerItemProxy;
			containerPortal = 4940F587182642A2009E3922 /* Project object */;
			proxyType = 1;
			remoteGlobalIDString = 4940F58E182642A2009E3922;
			remoteInfo = Prueba;
		};
/* End PBXContainerItemProxy section */

/* Begin PBXFileReference section */
		4940F58F182642A2009E3922 /* Prueba.app */ = {isa = PBXFileReference; explicitFileType = wrapper.application; includeInIndex = 0; path = Prueba.app; sourceTree = BUILT_PRODUCTS_DIR; };
		4940F592182642A2009E3922 /* Foundation.framework */ = {isa = PBXFileReference; lastKnownFileType = wrapper.framework; name = Foundation.framework; path = System/Library/Frameworks/Foundation.framework; sourceTree = SDKROOT; };
		4940F594182642A2009E3922 /* CoreGraphics.framework */ = {isa = PBXFileReference; lastKnownFileType = wrapper.framework; name = CoreGraphics.framework; path = System/Library/Frameworks/CoreGraphics.framework; sourceTree = SDKROOT; };
		4940F596182642A2009E3922 /* UIKit.framework */ = {isa = PBXFileReference; lastKnownFileType = wrapper.framework; name = UIKit.framework; path = System/Library/Frameworks/UIKit.framework; sourceTree = SDKROOT; };
		4940F59A182642A2009E3922 /* Prueba-Info.plist */ = {isa = PBXFileReference; lastKnownFileType = text.plist.xml; path = "Prueba-Info.plist"; sourceTree = "<group>"; };
		4940F59C182642A2009E3922 /* en */ = {isa = PBXFileReference; lastKnownFileType = text.plist.strings; name = en; path = en.lproj/InfoPlist.strings; sourceTree = "<group>"; };
		4940F59E182642A2009E3922 /* main.m */ = {isa = PBXFileReference; lastKnownFileType = sourcecode.c.objc; path = main.m; sourceTree = "<group>"; };
		4940F5A0182642A2009E3922 /* Prueba-Prefix.pch */ = {isa = PBXFileReference; lastKnownFileType = sourcecode.c.h; path = "Prueba-Prefix.pch"; sourceTree = "<group>"; };
		4940F5A1182642A2009E3922 /* AppDelegate.h */ = {isa = PBXFileReference; lastKnownFileType = sourcecode.c.h; path = AppDelegate.h; sourceTree = "<group>"; };
		4940F5A2182642A2009E3922 /* AppDelegate.m */ = {isa = PBXFileReference; lastKnownFileType = sourcecode.c.objc; path = AppDelegate.m; sourceTree = "<group>"; };
		4940F5A5182642A2009E3922 /* Base */ = {isa = PBXFileReference; lastKnownFileType = file.storyboard; name = Base; path = Base.lproj/Main_iPhone.storyboard; sourceTree = "<group>"; };
		4940F5A8182642A2009E3922 /* Base */ = {isa = PBXFileReference; lastKnownFileType = file.storyboard; name = Base; path = Base.lproj/Main_iPad.storyboard; sourceTree = "<group>"; };
		4940F5AA182642A2009E3922 /* ViewController.h */ = {isa = PBXFileReference; lastKnownFileType = sourcecode.c.h; path = ViewController.h; sourceTree = "<group>"; };
		4940F5AB182642A2009E3922 /* ViewController.m */ = {isa = PBXFileReference; lastKnownFileType = sourcecode.c.objc; path = ViewController.m; sourceTree = "<group>"; };
		4940F5AD182642A2009E3922 /* Images.xcassets */ = {isa = PBXFileReference; lastKnownFileType = folder.assetcatalog; path = Images.xcassets; sourceTree = "<group>"; };
		4940F5B3182642A2009E3922 /* PruebaTests.xctest */ = {isa = PBXFileReference; explicitFileType = wrapper.cfbundle; includeInIndex = 0; path = PruebaTests.xctest; sourceTree = BUILT_PRODUCTS_DIR; };
		4940F5B4182642A2009E3922 /* XCTest.framework */ = {isa = PBXFileReference; lastKnownFileType = wrapper.framework; name = XCTest.framework; path = Library/Frameworks/XCTest.framework; sourceTree = DEVELOPER_DIR; };
		4940F5BC182642A2009E3922 /* PruebaTests-Info.plist */ = {isa = PBXFileReference; lastKnownFileType = text.plist.xml; path = "PruebaTests-Info.plist"; sourceTree = "<group>"; };
		4940F5BE182642A2009E3922 /* en */ = {isa = PBXFileReference; lastKnownFileType = text.plist.strings; name = en; path = en.lproj/InfoPlist.strings; sourceTree = "<group>"; };
		4940F5C0182642A2009E3922 /* PruebaTests.m */ = {isa = PBXFileReference; lastKnownFileType = sourcecode.c.objc; path = PruebaTests.m; sourceTree = "<group>"; };
/* End PBXFileReference section */

/* Begin PBXFrameworksBuildPhase section */
		4940F58C182642A2009E3922 /* Frameworks */ = {
			isa = PBXFrameworksBuildPhase;
			buildActionMask = 2147483647;
			files = (
				4940F595182642A2009E3922 /* CoreGraphics.framework in Frameworks */,
				4940F597182642A2009E3922 /* UIKit.framework in Frameworks */,
				4940F593182642A2009E3922 /* Foundation.framework in Frameworks */,
			);
			runOnlyForDeploymentPostprocessing = 0;
		};
		4940F5B0182642A2009E3922 /* Frameworks */ = {
			isa = PBXFrameworksBuildPhase;
			buildActionMask = 2147483647;
			files = (
				4940F5B5182642A2009E3922 /* XCTest.framework in Frameworks */,
				4940F5B7182642A2009E3922 /* UIKit.framework in Frameworks */,
				4940F5B6182642A2009E3922 /* Foundation.framework in Frameworks */,
			);
			runOnlyForDeploymentPostprocessing = 0;
		};
/* End PBXFrameworksBuildPhase section */

/* Begin PBXGroup section */
		4940F586182642A2009E3922 = {
			isa = PBXGroup;
			children = (
				4940F598182642A2009E3922 /* Prueba */,
				4940F5BA182642A2009E3922 /* PruebaTests */,
				4940F591182642A2009E3922 /* Frameworks */,
				4940F590182642A2009E3922 /* Products */,
			);
			sourceTree = "<group>";
		};
		4940F590182642A2009E3922 /* Products */ = {
			isa = PBXGroup;
			children = (
				4940F58F182642A2009E3922 /* Prueba.app */,
				4940F5B3182642A2009E3922 /* PruebaTests.xctest */,
			);
			name = Products;
			sourceTree = "<group>";
		};
		4940F591182642A2009E3922 /* Frameworks */ = {
			isa = PBXGroup;
			children = (
				4940F592182642A2009E3922 /* Foundation.framework */,
				4940F594182642A2009E3922 /* CoreGraphics.framework */,
				4940F596182642A2009E3922 /* UIKit.framework */,
				4940F5B4182642A2009E3922 /* XCTest.framework */,
			);
			name = Frameworks;
			sourceTree = "<group>";
		};
		4940F598182642A2009E3922 /* Prueba */ = {
			isa = PBXGroup;
			children = (
				4940F5A1182642A2009E3922 /* AppDelegate.h */,
				4940F5A2182642A2009E3922 /* AppDelegate.m */,
				4940F5A4182642A2009E3922 /* Main_iPhone.storyboard */,
				4940F5A7182642A2009E3922 /* Main_iPad.storyboard */,
				4940F5AA182642A2009E3922 /* ViewController.h */,
				4940F5AB182642A2009E3922 /* ViewController.m */,
				4940F5AD182642A2009E3922 /* Images.xcassets */,
				4940F599182642A2009E3922 /* Supporting Files */,
			);
			path = Prueba;
			sourceTree = "<group>";
		};
		4940F599182642A2009E3922 /* Supporting Files */ = {
			isa = PBXGroup;
			children = (
				4940F59A182642A2009E3922 /* Prueba-Info.plist */,
				4940F59B182642A2009E3922 /* InfoPlist.strings */,
				4940F59E182642A2009E3922 /* main.m */,
				4940F5A0182642A2009E3922 /* Prueba-Prefix.pch */,
			);
			name = "Supporting Files";
			sourceTree = "<group>";
		};
		4940F5BA182642A2009E3922 /* PruebaTests */ = {
			isa = PBXGroup;
			children = (
				4940F5C0182642A2009E3922 /* PruebaTests.m */,
				4940F5BB182642A2009E3922 /* Supporting Files */,
			);
			path = PruebaTests;
			sourceTree = "<group>";
		};
		4940F5BB182642A2009E3922 /* Supporting Files */ = {
			isa = PBXGroup;
			children = (
				4940F5BC182642A2009E3922 /* PruebaTests-Info.plist */,
				4940F5BD182642A2009E3922 /* InfoPlist.strings */,
			);
			name = "Supporting Files";
			sourceTree = "<group>";
		};
/* End PBXGroup section */

/* Begin PBXNativeTarget section */
		4940F58E182642A2009E3922 /* Prueba */ = {
			isa = PBXNativeTarget;
			buildConfigurationList = 4940F5C4182642A2009E3922 /* Build configuration list for PBXNativeTarget "Prueba" */;
			buildPhases = (
				4940F58B182642A2009E3922 /* Sources */,
				4940F58C182642A2009E3922 /* Frameworks */,
				4940F58D182642A2009E3922 /* Resources */,
			);
			buildRules = (
			);
			dependencies = (
			);
			name = Prueba;
			productName = Prueba;
			productReference = 4940F58F182642A2009E3922 /* Prueba.app */;
			productType = "com.apple.product-type.application";
		};
		4940F5B2182642A2009E3922 /* PruebaTests */ = {
			isa = PBXNativeTarget;
			buildConfigurationList = 4940F5C7182642A2009E3922 /* Build configuration list for PBXNativeTarget "PruebaTests" */;
			buildPhases = (
				4940F5AF182642A2009E3922 /* Sources */,
				4940F5B0182642A2009E3922 /* Frameworks */,
				4940F5B1182642A2009E3922 /* Resources */,
			);
			buildRules = (
			);
			dependencies = (
				4940F5B9182642A2009E3922 /* PBXTargetDependency */,
			);
			name = PruebaTests;
			productName = PruebaTests;
			productReference = 4940F5B3182642A2009E3922 /* PruebaTests.xctest */;
			productType = "com.apple.product-type.bundle.unit-test";
		};
/* End PBXNativeTarget section */

/* Begin PBXProject section */
		4940F587182642A2009E3922 /* Project object */ = {
			isa = PBXProject;
			attributes = {
				LastUpgradeCheck = 0500;
				ORGANIZATIONNAME = "SemWare Ltd";
				TargetAttributes = {
					4940F5B2182642A2009E3922 = {
						TestTargetID = 4940F58E182642A2009E3922;
					};
				};
			};
			buildConfigurationList = 4940F58A182642A2009E3922 /* Build configuration list for PBXProject "Prueba" */;
			compatibilityVersion = "Xcode 3.2";
			developmentRegion = English;
			hasScannedForEncodings = 0;
			knownRegions = (
				en,
				Base,
			);
			mainGroup = 4940F586182642A2009E3922;
			productRefGroup = 4940F590182642A2009E3922 /* Products */;
			projectDirPath = "";
			projectRoot = "";
			targets = (
				4940F58E182642A2009E3922 /* Prueba */,
				4940F5B2182642A2009E3922 /* PruebaTests */,
			);
		};
/* End PBXProject section */

/* Begin PBXResourcesBuildPhase section */
		4940F58D182642A2009E3922 /* Resources */ = {
			isa = PBXResourcesBuildPhase;
			buildActionMask = 2147483647;
			files = (
				4940F5A9182642A2009E3922 /* Main_iPad.storyboard in Resources */,
				4940F5AE182642A2009E3922 /* Images.xcassets in Resources */,
				4940F5A6182642A2009E3922 /* Main_iPhone.storyboard in Resources */,
				4940F59D182642A2009E3922 /* InfoPlist.strings in Resources */,
			);
			runOnlyForDeploymentPostprocessing = 0;
		};
		4940F5B1182642A2009E3922 /* Resources */ = {
			isa = PBXResourcesBuildPhase;
			buildActionMask = 2147483647;
			files = (
				4940F5BF182642A2009E3922 /* InfoPlist.strings in Resources */,
			);
			runOnlyForDeploymentPostprocessing = 0;
		};
/* End PBXResourcesBuildPhase section */

/* Begin PBXSourcesBuildPhase section */
		4940F58B182642A2009E3922 /* Sources */ = {
			isa = PBXSourcesBuildPhase;
			buildActionMask = 2147483647;
			files = (
				4940F5AC182642A2009E3922 /* ViewController.m in Sources */,
				4940F5A3182642A2009E3922 /* AppDelegate.m in Sources */,
				4940F59F182642A2009E3922 /* main.m in Sources */,
			);
			runOnlyForDeploymentPostprocessing = 0;
		};
		4940F5AF182642A2009E3922 /* Sources */ = {
			isa = PBXSourcesBuildPhase;
			buildActionMask = 2147483647;
			files = (
				4940F5C1182642A2009E3922 /* PruebaTests.m in Sources */,
			);
			runOnlyForDeploymentPostprocessing = 0;
		};
/* End PBXSourcesBuildPhase section */

/* Begin PBXTargetDependency section */
		4940F5B9182642A2009E3922 /* PBXTargetDependency */ = {
			isa = PBXTargetDependency;
			target = 4940F58E182642A2009E3922 /* Prueba */;
			targetProxy = 4940F5B8182642A2009E3922 /* PBXContainerItemProxy */;
		};
/* End PBXTargetDependency section */

/* Begin PBXVariantGroup section */
		4940F59B182642A2009E3922 /* InfoPlist.strings */ = {
			isa = PBXVariantGroup;
			children = (
				4940F59C182642A2009E3922 /* en */,
			);
			name = InfoPlist.strings;
			sourceTree = "<group>";
		};
		4940F5A4182642A2009E3922 /* Main_iPhone.storyboard */ = {
			isa = PBXVariantGroup;
			children = (
				4940F5A5182642A2009E3922 /* Base */,
			);
			name = Main_iPhone.storyboard;
			sourceTree = "<group>";
		};
		4940F5A7182642A2009E3922 /* Main_iPad.storyboard */ = {
			isa = PBXVariantGroup;
			children = (
				4940F5A8182642A2009E3922 /* Base */,
			);
			name = Main_iPad.storyboard;
			sourceTree = "<group>";
		};
		4940F5BD182642A2009E3922 /* InfoPlist.strings */ = {
			isa = PBXVariantGroup;
			children = (
				4940F5BE182642A2009E3922 /* en */,
			);
			name = InfoPlist.strings;
			sourceTree = "<group>";
		};
/* End PBXVariantGroup section */

/* Begin XCBuildConfiguration section */
		4940F5C2182642A2009E3922 /* Debug */ = {
			isa = XCBuildConfiguration;
			buildSettings = {
				ALWAYS_SEARCH_USER_PATHS = NO;
				ARCHS = "$(ARCHS_STANDARD_INCLUDING_64_BIT)";
				CLANG_CXX_LANGUAGE_STANDARD = "gnu++0x";
				CLANG_CXX_LIBRARY = "libc++";
				CLANG_ENABLE_MODULES = YES;
				CLANG_ENABLE_OBJC_ARC = YES;
				CLANG_WARN_BOOL_CONVERSION = YES;
				CLANG_WARN_CONSTANT_CONVERSION = YES;
				CLANG_WARN_DIRECT_OBJC_ISA_USAGE = YES_ERROR;
				CLANG_WARN_EMPTY_BODY = YES;
				CLANG_WARN_ENUM_CONVERSION = YES;
				CLANG_WARN_INT_CONVERSION = YES;
				CLANG_WARN_OBJC_ROOT_CLASS = YES_ERROR;
				CLANG_WARN__DUPLICATE_METHOD_MATCH = YES;
				"CODE_SIGN_IDENTITY[sdk=iphoneos*]" = "iPhone Developer";
				COPY_PHASE_STRIP = NO;
				GCC_C_LANGUAGE_STANDARD = gnu99;
				GCC_DYNAMIC_NO_PIC = NO;
				GCC_OPTIMIZATION_LEVEL = 0;
				GCC_PREPROCESSOR_DEFINITIONS = (
					"DEBUG=1",
					"$(inherited)",
				);
				GCC_SYMBOLS_PRIVATE_EXTERN = NO;
				GCC_WARN_64_TO_32_BIT_CONVERSION = YES;
				GCC_WARN_ABOUT_RETURN_TYPE = YES_ERROR;
				GCC_WARN_UNDECLARED_SELECTOR = YES;
				GCC_WARN_UNINITIALIZED_AUTOS = YES;
				GCC_WARN_UNUSED_FUNCTION = YES;
				GCC_WARN_UNUSED_VARIABLE = YES;
				IPHONEOS_DEPLOYMENT_TARGET = 7.0;
				ONLY_ACTIVE_ARCH = YES;
				SDKROOT = iphoneos;
				TARGETED_DEVICE_FAMILY = "1,2";
			};
			name = Debug;
		};
		4940F5C3182642A2009E3922 /* Release */ = {
			isa = XCBuildConfiguration;
			buildSettings = {
				ALWAYS_SEARCH_USER_PATHS = NO;
				ARCHS = "$(ARCHS_STANDARD_INCLUDING_64_BIT)";
				CLANG_CXX_LANGUAGE_STANDARD = "gnu++0x";
				CLANG_CXX_LIBRARY = "libc++";
				CLANG_ENABLE_MODULES = YES;
				CLANG_ENABLE_OBJC_ARC = YES;
				CLANG_WARN_BOOL_CONVERSION = YES;
				CLANG_WARN_CONSTANT_CONVERSION = YES;
				CLANG_WARN_DIRECT_OBJC_ISA_USAGE = YES_ERROR;
				CLANG_WARN_EMPTY_BODY = YES;
				CLANG_WARN_ENUM_CONVERSION = YES;
				CLANG_WARN_INT_CONVERSION = YES;
				CLANG_WARN_OBJC_ROOT_CLASS = YES_ERROR;
				CLANG_WARN__DUPLICATE_METHOD_MATCH = YES;
				"CODE_SIGN_IDENTITY[sdk=iphoneos*]" = "iPhone Developer";
				COPY_PHASE_STRIP = YES;
				ENABLE_NS_ASSERTIONS = NO;
				GCC_C_LANGUAGE_STANDARD = gnu99;
				GCC_WARN_64_TO_32_BIT_CONVERSION = YES;
				GCC_WARN_ABOUT_RETURN_TYPE = YES_ERROR;
				GCC_WARN_UNDECLARED_SELECTOR = YES;
				GCC_WARN_UNINITIALIZED_AUTOS = YES;
				GCC_WARN_UNUSED_FUNCTION = YES;
				GCC_WARN_UNUSED_VARIABLE = YES;
				IPHONEOS_DEPLOYMENT_TARGET = 7.0;
				SDKROOT = iphoneos;
				TARGETED_DEVICE_FAMILY = "1,2";
				VALIDATE_PRODUCT = YES;
			};
			name = Release;
		};
		4940F5C5182642A2009E3922 /* Debug */ = {
			isa = XCBuildConfiguration;
			buildSettings = {
				ASSETCATALOG_COMPILER_APPICON_NAME = AppIcon;
				ASSETCATALOG_COMPILER_LAUNCHIMAGE_NAME = LaunchImage;
				GCC_PRECOMPILE_PREFIX_HEADER = YES;
				GCC_PREFIX_HEADER = "Prueba/Prueba-Prefix.pch";
				INFOPLIST_FILE = "Prueba/Prueba-Info.plist";
				PRODUCT_NAME = "$(TARGET_NAME)";
				WRAPPER_EXTENSION = app;
			};
			name = Debug;
		};
		4940F5C6182642A2009E3922 /* Release */ = {
			isa = XCBuildConfiguration;
			buildSettings = {
				ASSETCATALOG_COMPILER_APPICON_NAME = AppIcon;
				ASSETCATALOG_COMPILER_LAUNCHIMAGE_NAME = LaunchImage;
				GCC_PRECOMPILE_PREFIX_HEADER = YES;
				GCC_PREFIX_HEADER = "Prueba/Prueba-Prefix.pch";
				INFOPLIST_FILE = "Prueba/Prueba-Info.plist";
				PRODUCT_NAME = "$(TARGET_NAME)";
				WRAPPER_EXTENSION = app;
			};
			name = Release;
		};
		4940F5C8182642A2009E3922 /* Debug */ = {
			isa = XCBuildConfiguration;
			buildSettings = {
				ARCHS = "$(ARCHS_STANDARD_INCLUDING_64_BIT)";
				BUNDLE_LOADER = "$(BUILT_PRODUCTS_DIR)/Prueba.app/Prueba";
				FRAMEWORK_SEARCH_PATHS = (
					"$(SDKROOT)/Developer/Library/Frameworks",
					"$(inherited)",
					"$(DEVELOPER_FRAMEWORKS_DIR)",
				);
				GCC_PRECOMPILE_PREFIX_HEADER = YES;
				GCC_PREFIX_HEADER = "Prueba/Prueba-Prefix.pch";
				GCC_PREPROCESSOR_DEFINITIONS = (
					"DEBUG=1",
					"$(inherited)",
				);
				INFOPLIST_FILE = "PruebaTests/PruebaTests-Info.plist";
				PRODUCT_NAME = "$(TARGET_NAME)";
				TEST_HOST = "$(BUNDLE_LOADER)";
				WRAPPER_EXTENSION = xctest;
			};
			name = Debug;
		};
		4940F5C9182642A2009E3922 /* Release */ = {
			isa = XCBuildConfiguration;
			buildSettings = {
				ARCHS = "$(ARCHS_STANDARD_INCLUDING_64_BIT)";
				BUNDLE_LOADER = "$(BUILT_PRODUCTS_DIR)/Prueba.app/Prueba";
				FRAMEWORK_SEARCH_PATHS = (
					"$(SDKROOT)/Developer/Library/Frameworks",
					"$(inherited)",
					"$(DEVELOPER_FRAMEWORKS_DIR)",
				);
				GCC_PRECOMPILE_PREFIX_HEADER = YES;
				GCC_PREFIX_HEADER = "Prueba/Prueba-Prefix.pch";
				INFOPLIST_FILE = "PruebaTests/PruebaTests-Info.plist";
				PRODUCT_NAME = "$(TARGET_NAME)";
				TEST_HOST = "$(BUNDLE_LOADER)";
				WRAPPER_EXTENSION = xctest;
			};
			name = Release;
		};
/* End XCBuildConfiguration section */

/* Begin XCConfigurationList section */
		4940F58A182642A2009E3922 /* Build configuration list for PBXProject "Prueba" */ = {
			isa = XCConfigurationList;
			buildConfigurations = (
				4940F5C2182642A2009E3922 /* Debug */,
				4940F5C3182642A2009E3922 /* Release */,
			);
			defaultConfigurationIsVisible = 0;
			defaultConfigurationName = Release;
		};
		4940F5C4182642A2009E3922 /* Build configuration list for PBXNativeTarget "Prueba" */ = {
			isa = XCConfigurationList;
			buildConfigurations = (
				4940F5C5182642A2009E3922 /* Debug */,
				4940F5C6182642A2009E3922 /* Release */,
			);
			defaultConfigurationIsVisible = 0;
		};
		4940F5C7182642A2009E3922 /* Build configuration list for PBXNativeTarget "PruebaTests" */ = {
			isa = XCConfigurationList;
			buildConfigurations = (
				4940F5C8182642A2009E3922 /* Debug */,
				4940F5C9182642A2009E3922 /* Release */,
			);
			defaultConfigurationIsVisible = 0;
		};
/* End XCConfigurationList section */
	};
	rootObject = 4940F587182642A2009E3922 /* Project object */;
}
